
Microsoft Visual Studio Solution File, Format Version 12.00
# Visual Studio Version 17
VisualStudioVersion = 17.10.35013.160
MinimumVisualStudioVersion = 10.0.40219.1
Project("{9A19103F-16F7-4668-BE54-9A1E7A4F7556}") = "DataAccessLayer", "DataAccessLayer\DataAccessLayer.csproj", "{C5386107-1224-4DF9-A047-F927DA1E3EE9}"
EndProject
Project("{FAE04EC0-301F-11D3-BF4B-00C04F79EFBC}") = "ModelLayer", "ModelLayer\ModelLayer.csproj", "{31786037-E1C3-4AD7-AEC0-615B894AAB9B}"
EndProject
Global
	GlobalSection(SolutionConfigurationPlatforms) = preSolution
		Debug|Any CPU = Debug|Any CPU
		Release|Any CPU = Release|Any CPU
	EndGlobalSection
	GlobalSection(ProjectConfigurationPlatforms) = postSolution
		{C5386107-1224-4DF9-A047-F927DA1E3EE9}.Debug|Any CPU.ActiveCfg = Debug|Any CPU
		{C5386107-1224-4DF9-A047-F927DA1E3EE9}.Debug|Any CPU.Build.0 = Debug|Any CPU
		{C5386107-1224-4DF9-A047-F927DA1E3EE9}.Release|Any CPU.ActiveCfg = Release|Any CPU
		{C5386107-1224-4DF9-A047-F927DA1E3EE9}.Release|Any CPU.Build.0 = Release|Any CPU
		{31786037-E1C3-4AD7-AEC0-615B894AAB9B}.Debug|Any CPU.ActiveCfg = Debug|Any CPU
		{31786037-E1C3-4AD7-AEC0-615B894AAB9B}.Debug|Any CPU.Build.0 = Debug|Any CPU
		{31786037-E1C3-4AD7-AEC0-615B894AAB9B}.Release|Any CPU.ActiveCfg = Release|Any CPU
		{31786037-E1C3-4AD7-AEC0-615B894AAB9B}.Release|Any CPU.Build.0 = Release|Any CPU
	EndGlobalSection
	GlobalSection(SolutionProperties) = preSolution
		HideSolutionNode = FALSE
	EndGlobalSection
	GlobalSection(ExtensibilityGlobals) = postSolution
		SolutionGuid = {4337163E-3131-4605-93F8-0B3DCBD4DA57}
	EndGlobalSection
EndGlobal
